// !$*UTF8*$!
{
	archiveVersion = 1;
	classes = {
	};
	objectVersion = 50;
	objects = {

/* Begin PBXBuildFile section */
		D01818F82360F317005831CB /* AppDelegate.swift in Sources */ = {isa = PBXBuildFile; fileRef = D01818F72360F317005831CB /* AppDelegate.swift */; };
		D01818FA2360F317005831CB /* SceneDelegate.swift in Sources */ = {isa = PBXBuildFile; fileRef = D01818F92360F317005831CB /* SceneDelegate.swift */; };
		D01818FC2360F317005831CB /* LoginController.swift in Sources */ = {isa = PBXBuildFile; fileRef = D01818FB2360F317005831CB /* LoginController.swift */; };
		D01818FF2360F317005831CB /* Main.storyboard in Resources */ = {isa = PBXBuildFile; fileRef = D01818FD2360F317005831CB /* Main.storyboard */; };
		D01819012360F319005831CB /* Assets.xcassets in Resources */ = {isa = PBXBuildFile; fileRef = D01819002360F319005831CB /* Assets.xcassets */; };
		D01819042360F319005831CB /* LaunchScreen.storyboard in Resources */ = {isa = PBXBuildFile; fileRef = D01819022360F319005831CB /* LaunchScreen.storyboard */; };
		D0921995236619820041111F /* UIViewController+Ex.swift in Sources */ = {isa = PBXBuildFile; fileRef = D0921994236619820041111F /* UIViewController+Ex.swift */; };
		D09219992366265D0041111F /* ViewController.swift in Sources */ = {isa = PBXBuildFile; fileRef = D09219982366265D0041111F /* ViewController.swift */; };
/* End PBXBuildFile section */

/* Begin PBXFileReference section */
		D01818F42360F317005831CB /* VKClient.app */ = {isa = PBXFileReference; explicitFileType = wrapper.application; includeInIndex = 0; path = VKClient.app; sourceTree = BUILT_PRODUCTS_DIR; };
		D01818F72360F317005831CB /* AppDelegate.swift */ = {isa = PBXFileReference; lastKnownFileType = sourcecode.swift; path = AppDelegate.swift; sourceTree = "<group>"; };
		D01818F92360F317005831CB /* SceneDelegate.swift */ = {isa = PBXFileReference; lastKnownFileType = sourcecode.swift; path = SceneDelegate.swift; sourceTree = "<group>"; };
		D01818FB2360F317005831CB /* LoginController.swift */ = {isa = PBXFileReference; lastKnownFileType = sourcecode.swift; path = LoginController.swift; sourceTree = "<group>"; };
		D01818FE2360F317005831CB /* Base */ = {isa = PBXFileReference; lastKnownFileType = file.storyboard; name = Base; path = Base.lproj/Main.storyboard; sourceTree = "<group>"; };
		D01819002360F319005831CB /* Assets.xcassets */ = {isa = PBXFileReference; lastKnownFileType = folder.assetcatalog; path = Assets.xcassets; sourceTree = "<group>"; };
		D01819032360F319005831CB /* Base */ = {isa = PBXFileReference; lastKnownFileType = file.storyboard; name = Base; path = Base.lproj/LaunchScreen.storyboard; sourceTree = "<group>"; };
		D01819052360F319005831CB /* Info.plist */ = {isa = PBXFileReference; lastKnownFileType = text.plist.xml; path = Info.plist; sourceTree = "<group>"; };
		D0921994236619820041111F /* UIViewController+Ex.swift */ = {isa = PBXFileReference; lastKnownFileType = sourcecode.swift; path = "UIViewController+Ex.swift"; sourceTree = "<group>"; };
		D09219982366265D0041111F /* ViewController.swift */ = {isa = PBXFileReference; lastKnownFileType = sourcecode.swift; path = ViewController.swift; sourceTree = "<group>"; };
/* End PBXFileReference section */

/* Begin PBXFrameworksBuildPhase section */
		D01818F12360F317005831CB /* Frameworks */ = {
			isa = PBXFrameworksBuildPhase;
			buildActionMask = 2147483647;
			files = (
			);
			runOnlyForDeploymentPostprocessing = 0;
		};
/* End PBXFrameworksBuildPhase section */

/* Begin PBXGroup section */
		D01818EB2360F317005831CB = {
			isa = PBXGroup;
			children = (
				D01818F62360F317005831CB /* VKClient */,
				D01818F52360F317005831CB /* Products */,
			);
			sourceTree = "<group>";
		};
		D01818F52360F317005831CB /* Products */ = {
			isa = PBXGroup;
			children = (
				D01818F42360F317005831CB /* VKClient.app */,
			);
			name = Products;
			sourceTree = "<group>";
		};
		D01818F62360F317005831CB /* VKClient */ = {
			isa = PBXGroup;
			children = (
				D01818F72360F317005831CB /* AppDelegate.swift */,
				D01818F92360F317005831CB /* SceneDelegate.swift */,
				D09219982366265D0041111F /* ViewController.swift */,
				D01818FB2360F317005831CB /* LoginController.swift */,
				D0921994236619820041111F /* UIViewController+Ex.swift */,
				D01818FD2360F317005831CB /* Main.storyboard */,
				D01819002360F319005831CB /* Assets.xcassets */,
				D01819022360F319005831CB /* LaunchScreen.storyboard */,
				D01819052360F319005831CB /* Info.plist */,
			);
			path = VKClient;
			sourceTree = "<group>";
		};
/* End PBXGroup section */

/* Begin PBXNativeTarget section */
		D01818F32360F317005831CB /* VKClient */ = {
			isa = PBXNativeTarget;
			buildConfigurationList = D01819082360F319005831CB /* Build configuration list for PBXNativeTarget "VKClient" */;
			buildPhases = (
				D01818F02360F317005831CB /* Sources */,
				D01818F12360F317005831CB /* Frameworks */,
				D01818F22360F317005831CB /* Resources */,
			);
			buildRules = (
			);
			dependencies = (
			);
			name = VKClient;
			productName = VKClient;
			productReference = D01818F42360F317005831CB /* VKClient.app */;
			productType = "com.apple.product-type.application";
		};
/* End PBXNativeTarget section */

/* Begin PBXProject section */
		D01818EC2360F317005831CB /* Project object */ = {
			isa = PBXProject;
			attributes = {
				LastSwiftUpdateCheck = 1110;
				LastUpgradeCheck = 1110;
				ORGANIZATIONNAME = Pavlo;
				TargetAttributes = {
					D01818F32360F317005831CB = {
						CreatedOnToolsVersion = 11.1;
					};
				};
			};
			buildConfigurationList = D01818EF2360F317005831CB /* Build configuration list for PBXProject "VKClient" */;
			compatibilityVersion = "Xcode 9.3";
			developmentRegion = en;
			hasScannedForEncodings = 0;
			knownRegions = (
				en,
				Base,
			);
			mainGroup = D01818EB2360F317005831CB;
			productRefGroup = D01818F52360F317005831CB /* Products */;
			projectDirPath = "";
			projectRoot = "";
			targets = (
				D01818F32360F317005831CB /* VKClient */,
			);
		};
/* End PBXProject section */

/* Begin PBXResourcesBuildPhase section */
		D01818F22360F317005831CB /* Resources */ = {
			isa = PBXResourcesBuildPhase;
			buildActionMask = 2147483647;
			files = (
				D01819042360F319005831CB /* LaunchScreen.storyboard in Resources */,
				D01819012360F319005831CB /* Assets.xcassets in Resources */,
				D01818FF2360F317005831CB /* Main.storyboard in Resources */,
			);
			runOnlyForDeploymentPostprocessing = 0;
		};
/* End PBXResourcesBuildPhase section */

/* Begin PBXSourcesBuildPhase section */
		D01818F02360F317005831CB /* Sources */ = {
			isa = PBXSourcesBuildPhase;
			buildActionMask = 2147483647;
			files = (
				D01818FC2360F317005831CB /* LoginController.swift in Sources */,
				D09219992366265D0041111F /* ViewController.swift in Sources */,
				D0921995236619820041111F /* UIViewController+Ex.swift in Sources */,
				D01818F82360F317005831CB /* AppDelegate.swift in Sources */,
				D01818FA2360F317005831CB /* SceneDelegate.swift in Sources */,
			);
			runOnlyForDeploymentPostprocessing = 0;
		};
/* End PBXSourcesBuildPhase section */

/* Begin PBXVariantGroup section */
		D01818FD2360F317005831CB /* Main.storyboard */ = {
			isa = PBXVariantGroup;
			children = (
				D01818FE2360F317005831CB /* Base */,
			);
			name = Main.storyboard;
			sourceTree = "<group>";
		};
		D01819022360F319005831CB /* LaunchScreen.storyboard */ = {
			isa = PBXVariantGroup;
			children = (
				D01819032360F319005831CB /* Base */,
			);
			name = LaunchScreen.storyboard;
			sourceTree = "<group>";
		};
/* End PBXVariantGroup section */

/* Begin XCBuildConfiguration section */
		D01819062360F319005831CB /* Debug */ = {
			isa = XCBuildConfiguration;
			buildSettings = {
				ALWAYS_SEARCH_USER_PATHS = NO;
				CLANG_ANALYZER_NONNULL = YES;
				CLANG_ANALYZER_NUMBER_OBJECT_CONVERSION = YES_AGGRESSIVE;
				CLANG_CXX_LANGUAGE_STANDARD = "gnu++14";
				CLANG_CXX_LIBRARY = "libc++";
				CLANG_ENABLE_MODULES = YES;
				CLANG_ENABLE_OBJC_ARC = YES;
				CLANG_ENABLE_OBJC_WEAK = YES;
				CLANG_WARN_BLOCK_CAPTURE_AUTORELEASING = YES;
				CLANG_WARN_BOOL_CONVERSION = YES;
				CLANG_WARN_COMMA = YES;
				CLANG_WARN_CONSTANT_CONVERSION = YES;
				CLANG_WARN_DEPRECATED_OBJC_IMPLEMENTATIONS = YES;
				CLANG_WARN_DIRECT_OBJC_ISA_USAGE = YES_ERROR;
				CLANG_WARN_DOCUMENTATION_COMMENTS = YES;
				CLANG_WARN_EMPTY_BODY = YES;
				CLANG_WARN_ENUM_CONVERSION = YES;
				CLANG_WARN_INFINITE_RECURSION = YES;
				CLANG_WARN_INT_CONVERSION = YES;
				CLANG_WARN_NON_LITERAL_NULL_CONVERSION = YES;
				CLANG_WARN_OBJC_IMPLICIT_RETAIN_SELF = YES;
				CLANG_WARN_OBJC_LITERAL_CONVERSION = YES;
				CLANG_WARN_OBJC_ROOT_CLASS = YES_ERROR;
				CLANG_WARN_RANGE_LOOP_ANALYSIS = YES;
				CLANG_WARN_STRICT_PROTOTYPES = YES;
				CLANG_WARN_SUSPICIOUS_MOVE = YES;
				CLANG_WARN_UNGUARDED_AVAILABILITY = YES_AGGRESSIVE;
				CLANG_WARN_UNREACHABLE_CODE = YES;
				CLANG_WARN__DUPLICATE_METHOD_MATCH = YES;
				COPY_PHASE_STRIP = NO;
				DEBUG_INFORMATION_FORMAT = dwarf;
				ENABLE_STRICT_OBJC_MSGSEND = YES;
				ENABLE_TESTABILITY = YES;
				GCC_C_LANGUAGE_STANDARD = gnu11;
				GCC_DYNAMIC_NO_PIC = NO;
				GCC_NO_COMMON_BLOCKS = YES;
				GCC_OPTIMIZATION_LEVEL = 0;
				GCC_PREPROCESSOR_DEFINITIONS = (
					"DEBUG=1",
					"$(inherited)",
				);
				GCC_WARN_64_TO_32_BIT_CONVERSION = YES;
				GCC_WARN_ABOUT_RETURN_TYPE = YES_ERROR;
				GCC_WARN_UNDECLARED_SELECTOR = YES;
				GCC_WARN_UNINITIALIZED_AUTOS = YES_AGGRESSIVE;
				GCC_WARN_UNUSED_FUNCTION = YES;
				GCC_WARN_UNUSED_VARIABLE = YES;
				IPHONEOS_DEPLOYMENT_TARGET = 13.1;
				MTL_ENABLE_DEBUG_INFO = INCLUDE_SOURCE;
				MTL_FAST_MATH = YES;
				ONLY_ACTIVE_ARCH = YES;
				SDKROOT = iphoneos;
				SWIFT_ACTIVE_COMPILATION_CONDITIONS = DEBUG;
				SWIFT_OPTIMIZATION_LEVEL = "-Onone";
			};
			name = Debug;
		};
		D01819072360F319005831CB /* Release */ = {
			isa = XCBuildConfiguration;
			buildSettings = {
				ALWAYS_SEARCH_USER_PATHS = NO;
				CLANG_ANALYZER_NONNULL = YES;
				CLANG_ANALYZER_NUMBER_OBJECT_CONVERSION = YES_AGGRESSIVE;
				CLANG_CXX_LANGUAGE_STANDARD = "gnu++14";
				CLANG_CXX_LIBRARY = "libc++";
				CLANG_ENABLE_MODULES = YES;
				CLANG_ENABLE_OBJC_ARC = YES;
				CLANG_ENABLE_OBJC_WEAK = YES;
				CLANG_WARN_BLOCK_CAPTURE_AUTORELEASING = YES;
				CLANG_WARN_BOOL_CONVERSION = YES;
				CLANG_WARN_COMMA = YES;
				CLANG_WARN_CONSTANT_CONVERSION = YES;
				CLANG_WARN_DEPRECATED_OBJC_IMPLEMENTATIONS = YES;
				CLANG_WARN_DIRECT_OBJC_ISA_USAGE = YES_ERROR;
				CLANG_WARN_DOCUMENTATION_COMMENTS = YES;
				CLANG_WARN_EMPTY_BODY = YES;
				CLANG_WARN_ENUM_CONVERSION = YES;
				CLANG_WARN_INFINITE_RECURSION = YES;
				CLANG_WARN_INT_CONVERSION = YES;
				CLANG_WARN_NON_LITERAL_NULL_CONVERSION = YES;
				CLANG_WARN_OBJC_IMPLICIT_RETAIN_SELF = YES;
				CLANG_WARN_OBJC_LITERAL_CONVERSION = YES;
				CLANG_WARN_OBJC_ROOT_CLASS = YES_ERROR;
				CLANG_WARN_RANGE_LOOP_ANALYSIS = YES;
				CLANG_WARN_STRICT_PROTOTYPES = YES;
				CLANG_WARN_SUSPICIOUS_MOVE = YES;
				CLANG_WARN_UNGUARDED_AVAILABILITY = YES_AGGRESSIVE;
				CLANG_WARN_UNREACHABLE_CODE = YES;
				CLANG_WARN__DUPLICATE_METHOD_MATCH = YES;
				COPY_PHASE_STRIP = NO;
				DEBUG_INFORMATION_FORMAT = "dwarf-with-dsym";
				ENABLE_NS_ASSERTIONS = NO;
				ENABLE_STRICT_OBJC_MSGSEND = YES;
				GCC_C_LANGUAGE_STANDARD = gnu11;
				GCC_NO_COMMON_BLOCKS = YES;
				GCC_WARN_64_TO_32_BIT_CONVERSION = YES;
				GCC_WARN_ABOUT_RETURN_TYPE = YES_ERROR;
				GCC_WARN_UNDECLARED_SELECTOR = YES;
				GCC_WARN_UNINITIALIZED_AUTOS = YES_AGGRESSIVE;
				GCC_WARN_UNUSED_FUNCTION = YES;
				GCC_WARN_UNUSED_VARIABLE = YES;
				IPHONEOS_DEPLOYMENT_TARGET = 13.1;
				MTL_ENABLE_DEBUG_INFO = NO;
				MTL_FAST_MATH = YES;
				SDKROOT = iphoneos;
				SWIFT_COMPILATION_MODE = wholemodule;
				SWIFT_OPTIMIZATION_LEVEL = "-O";
				VALIDATE_PRODUCT = YES;
			};
			name = Release;
		};
		D01819092360F319005831CB /* Debug */ = {
			isa = XCBuildConfiguration;
			buildSettings = {
				ASSETCATALOG_COMPILER_APPICON_NAME = AppIcon;
				CODE_SIGN_STYLE = Automatic;
				DEVELOPMENT_TEAM = R5WU89723L;
				INFOPLIST_FILE = VKClient/Info.plist;
				LD_RUNPATH_SEARCH_PATHS = (
					"$(inherited)",
					"@executable_path/Frameworks",
				);
				PRODUCT_BUNDLE_IDENTIFIER = "Pavel-Dovgopolik.VKClient";
				PRODUCT_NAME = "$(TARGET_NAME)";
				SWIFT_VERSION = 5.0;
				TARGETED_DEVICE_FAMILY = "1,2";
			};
			name = Debug;
		};
		D018190A2360F319005831CB /* Release */ = {
			isa = XCBuildConfiguration;
			buildSettings = {
				ASSETCATALOG_COMPILER_APPICON_NAME = AppIcon;
				CODE_SIGN_STYLE = Automatic;
				DEVELOPMENT_TEAM = R5WU89723L;
				INFOPLIST_FILE = VKClient/Info.plist;
				LD_RUNPATH_SEARCH_PATHS = (
					"$(inherited)",
					"@executable_path/Frameworks",
				);
				PRODUCT_BUNDLE_IDENTIFIER = "Pavel-Dovgopolik.VKClient";
				PRODUCT_NAME = "$(TARGET_NAME)";
				SWIFT_VERSION = 5.0;
				TARGETED_DEVICE_FAMILY = "1,2";
			};
			name = Release;
		};
/* End XCBuildConfiguration section */

/* Begin XCConfigurationList section */
		D01818EF2360F317005831CB /* Build configuration list for PBXProject "VKClient" */ = {
			isa = XCConfigurationList;
			buildConfigurations = (
				D01819062360F319005831CB /* Debug */,
				D01819072360F319005831CB /* Release */,
			);
			defaultConfigurationIsVisible = 0;
			defaultConfigurationName = Release;
		};
		D01819082360F319005831CB /* Build configuration list for PBXNativeTarget "VKClient" */ = {
			isa = XCConfigurationList;
			buildConfigurations = (
				D01819092360F319005831CB /* Debug */,
				D018190A2360F319005831CB /* Release */,
			);
			defaultConfigurationIsVisible = 0;
			defaultConfigurationName = Release;
		};
/* End XCConfigurationList section */
	};
	rootObject = D01818EC2360F317005831CB /* Project object */;
}
